Microsoft Visual Studio Solution File, Format Version 12.00
# Visual Studio 2012
Project("{8BC9CEB8-8B4A-11D0-8D11-00A0C91BC942}") = "ALL_BUILD", "ALL_BUILD.vcxproj", "{0A0A991D-5E21-4461-AED2-8A2E86C64631}"
	ProjectSection(ProjectDependencies) = postProject
		{A9881D16-B7D6-40FB-B125-6A8DD6CE22B9} = {A9881D16-B7D6-40FB-B125-6A8DD6CE22B9}
		{8B0EF3B2-B186-4029-B275-9559B9079F8A} = {8B0EF3B2-B186-4029-B275-9559B9079F8A}
		{0B99E33F-173F-4745-82AF-0910A38F2C83} = {0B99E33F-173F-4745-82AF-0910A38F2C83}
	EndProjectSection
EndProject
Project("{8BC9CEB8-8B4A-11D0-8D11-00A0C91BC942}") = "ZERO_CHECK", "ZERO_CHECK.vcxproj", "{A9881D16-B7D6-40FB-B125-6A8DD6CE22B9}"
	ProjectSection(ProjectDependencies) = postProject
	EndProjectSection
EndProject
Project("{8BC9CEB8-8B4A-11D0-8D11-00A0C91BC942}") = "levmar", "levmar.vcxproj", "{8B0EF3B2-B186-4029-B275-9559B9079F8A}"
	ProjectSection(ProjectDependencies) = postProject
		{A9881D16-B7D6-40FB-B125-6A8DD6CE22B9} = {A9881D16-B7D6-40FB-B125-6A8DD6CE22B9}
	EndProjectSection
EndProject
Project("{8BC9CEB8-8B4A-11D0-8D11-00A0C91BC942}") = "lmdemo", "lmdemo.vcxproj", "{0B99E33F-173F-4745-82AF-0910A38F2C83}"
	ProjectSection(ProjectDependencies) = postProject
		{A9881D16-B7D6-40FB-B125-6A8DD6CE22B9} = {A9881D16-B7D6-40FB-B125-6A8DD6CE22B9}
		{8B0EF3B2-B186-4029-B275-9559B9079F8A} = {8B0EF3B2-B186-4029-B275-9559B9079F8A}
	EndProjectSection
EndProject
Global
	GlobalSection(SolutionConfigurationPlatforms) = preSolution
		Debug|Win32 = Debug|Win32
		Release|Win32 = Release|Win32
		MinSizeRel|Win32 = MinSizeRel|Win32
		RelWithDebInfo|Win32 = RelWithDebInfo|Win32
	EndGlobalSection
	GlobalSection(ProjectConfigurationPlatforms) = postSolution
		{0A0A991D-5E21-4461-AED2-8A2E86C64631}.Debug|Win32.ActiveCfg = Debug|Win32
		{0A0A991D-5E21-4461-AED2-8A2E86C64631}.Release|Win32.ActiveCfg = Release|Win32
		{0A0A991D-5E21-4461-AED2-8A2E86C64631}.MinSizeRel|Win32.ActiveCfg = MinSizeRel|Win32
		{0A0A991D-5E21-4461-AED2-8A2E86C64631}.RelWithDebInfo|Win32.ActiveCfg = RelWithDebInfo|Win32
		{A9881D16-B7D6-40FB-B125-6A8DD6CE22B9}.Debug|Win32.ActiveCfg = Debug|Win32
		{A9881D16-B7D6-40FB-B125-6A8DD6CE22B9}.Debug|Win32.Build.0 = Debug|Win32
		{A9881D16-B7D6-40FB-B125-6A8DD6CE22B9}.Release|Win32.ActiveCfg = Release|Win32
		{A9881D16-B7D6-40FB-B125-6A8DD6CE22B9}.Release|Win32.Build.0 = Release|Win32
		{A9881D16-B7D6-40FB-B125-6A8DD6CE22B9}.MinSizeRel|Win32.ActiveCfg = MinSizeRel|Win32
		{A9881D16-B7D6-40FB-B125-6A8DD6CE22B9}.MinSizeRel|Win32.Build.0 = MinSizeRel|Win32
		{A9881D16-B7D6-40FB-B125-6A8DD6CE22B9}.RelWithDebInfo|Win32.ActiveCfg = RelWithDebInfo|Win32
		{A9881D16-B7D6-40FB-B125-6A8DD6CE22B9}.RelWithDebInfo|Win32.Build.0 = RelWithDebInfo|Win32
		{8B0EF3B2-B186-4029-B275-9559B9079F8A}.Debug|Win32.ActiveCfg = Debug|Win32
		{8B0EF3B2-B186-4029-B275-9559B9079F8A}.Debug|Win32.Build.0 = Debug|Win32
		{8B0EF3B2-B186-4029-B275-9559B9079F8A}.Release|Win32.ActiveCfg = Release|Win32
		{8B0EF3B2-B186-4029-B275-9559B9079F8A}.Release|Win32.Build.0 = Release|Win32
		{8B0EF3B2-B186-4029-B275-9559B9079F8A}.MinSizeRel|Win32.ActiveCfg = MinSizeRel|Win32
		{8B0EF3B2-B186-4029-B275-9559B9079F8A}.MinSizeRel|Win32.Build.0 = MinSizeRel|Win32
		{8B0EF3B2-B186-4029-B275-9559B9079F8A}.RelWithDebInfo|Win32.ActiveCfg = RelWithDebInfo|Win32
		{8B0EF3B2-B186-4029-B275-9559B9079F8A}.RelWithDebInfo|Win32.Build.0 = RelWithDebInfo|Win32
		{0B99E33F-173F-4745-82AF-0910A38F2C83}.Debug|Win32.ActiveCfg = Debug|Win32
		{0B99E33F-173F-4745-82AF-0910A38F2C83}.Debug|Win32.Build.0 = Debug|Win32
		{0B99E33F-173F-4745-82AF-0910A38F2C83}.Release|Win32.ActiveCfg = Release|Win32
		{0B99E33F-173F-4745-82AF-0910A38F2C83}.Release|Win32.Build.0 = Release|Win32
		{0B99E33F-173F-4745-82AF-0910A38F2C83}.MinSizeRel|Win32.ActiveCfg = MinSizeRel|Win32
		{0B99E33F-173F-4745-82AF-0910A38F2C83}.MinSizeRel|Win32.Build.0 = MinSizeRel|Win32
		{0B99E33F-173F-4745-82AF-0910A38F2C83}.RelWithDebInfo|Win32.ActiveCfg = RelWithDebInfo|Win32
		{0B99E33F-173F-4745-82AF-0910A38F2C83}.RelWithDebInfo|Win32.Build.0 = RelWithDebInfo|Win32
	EndGlobalSection
	GlobalSection(ExtensibilityGlobals) = postSolution
	EndGlobalSection
	GlobalSection(ExtensibilityAddIns) = postSolution
	EndGlobalSection
EndGlobal
