<?xml version="1.0" encoding="Windows-1252"?>
<Project ToolsVersion="4.0" xmlns="http://schemas.microsoft.com/developer/msbuild/2003">
  <ItemGroup>
    <ClCompile Include="C:\Users\huguel\Documents\00-Me\00-SVN\trunk\Etudes\Localisation_Magnetique_v5\XX_Dependances\levmar-2.6\lmdemo.c">
      <Filter>Source Files</Filter>
    </ClCompile>
  </ItemGroup>
  <ItemGroup>
    <ClInclude Include="C:\Users\huguel\Documents\00-Me\00-SVN\trunk\Etudes\Localisation_Magnetique_v5\XX_Dependances\levmar-2.6\levmar.h">
      <Filter>Header Files</Filter>
    </ClInclude>
  </ItemGroup>
  <ItemGroup>
    <CustomBuild Include="C:\Users\huguel\Documents\00-Me\00-SVN\trunk\Etudes\Localisation_Magnetique_v5\XX_Dependances\levmar-2.6\CMakeLists.txt" />
  </ItemGroup>
  <ItemGroup>
    <Filter Include="Source Files">
      <UniqueIdentifier>{70CDB117-F9CC-42B2-8820-115230DB6347}</UniqueIdentifier>
    </Filter>
    <Filter Include="Header Files">
      <UniqueIdentifier>{7E8B1B93-BA45-4557-B00B-AC7A4139B2EE}</UniqueIdentifier>
    </Filter>
  </ItemGroup>
</Project>
