<?xml version="1.0" encoding="Windows-1252"?>
<Project ToolsVersion="4.0" xmlns="http://schemas.microsoft.com/developer/msbuild/2003">
  <ItemGroup>
    <CustomBuild Include="C:\Users\huguel\Documents\00-Me\00-SVN\trunk\Etudes\Localisation_Magnetique_v5\XX_Dependances\levmar-2.6_bin_vc11\CMakeFiles\a11d152a19f5e5310dec8b11c1ebfa25\generate.stamp.rule">
      <Filter>CMake Rules</Filter>
    </CustomBuild>
  </ItemGroup>
  <ItemGroup>
    <Filter Include="CMake Rules">
      <UniqueIdentifier>{24C40955-945E-45DA-A667-742E76D641BB}</UniqueIdentifier>
    </Filter>
  </ItemGroup>
</Project>
